# This file is generated by running "yarn install" inside your project.
# Manual changes might be lost - proceed with caution!

__metadata:
  version: 5

"package-a@workspace:packages/package-a":
  version: 0.0.0-use.local
  resolution: "package-a@workspace:packages/package-a"
  dependencies:
    package-b: "workspace:*"
  languageName: unknown
  linkType: soft

"package-b@workspace:*, package-b@workspace:packages/package-b":
  version: 0.0.0-use.local
  resolution: "package-b@workspace:packages/package-b"
  dependencies:
    package-c: "workspace:*"
  languageName: unknown
  linkType: soft

"package-c@workspace:*, package-c@workspace:packages/package-c":
  version: 0.0.0-use.local
  resolution: "package-c@workspace:packages/package-c"
  dependencies:
    package-d: "workspace:*"
  languageName: unknown
  linkType: soft

"package-d@workspace:*, package-d@workspace:packages/package-d":
  version: 0.0.0-use.local
  resolution: "package-d@workspace:packages/package-d"
  languageName: unknown
  linkType: soft

"package-e@workspace:packages/package-e":
  version: 0.0.0-use.local
  resolution: "package-e@workspace:packages/package-e"
  languageName: unknown
  linkType: soft

"package-f@workspace:packages/package-f":
  version: 0.0.0-use.local
  resolution: "package-f@workspace:packages/package-f"
  languageName: unknown
  linkType: soft

"yarn-workspace-foreach-topological-repro@workspace:.":
  version: 0.0.0-use.local
  resolution: "yarn-workspace-foreach-topological-repro@workspace:."
  languageName: unknown
  linkType: soft
